# This file is automatically @generated by Cargo.
# It is not intended for manual editing.
version = 3

[[package]]
name = "leb128"
version = "0.2.5"
source = "registry+https://github.com/rust-lang/crates.io-index"
checksum = "884e2677b40cc8c339eaefcb701c32ef1fd2493d71118dc0ca4b6a736c93bd67"

[[package]]
name = "memchr"
version = "2.5.0"
source = "registry+https://github.com/rust-lang/crates.io-index"
checksum = "2dffe52ecf27772e601905b7522cb4ef790d2cc203488bbd0e2fe85fcb74566d"

[[package]]
name = "unicode-width"
version = "0.1.9"
source = "registry+https://github.com/rust-lang/crates.io-index"
checksum = "3ed742d4ea2bd1176e236172c8429aaf54486e7ac098db29ffe6529e0ce50973"

[[package]]
name = "wasm-encoder"
version = "0.15.0"
source = "registry+https://github.com/rust-lang/crates.io-index"
checksum = "8905fd25fdadeb0e7e8bf43a9f46f9f972d6291ad0c7a32573b88dd13a6cfa6b"
dependencies = [
 "leb128",
]

[[package]]
name = "wasmc"
version = "1.0.0"
dependencies = [
 "wat",
]

[[package]]
name = "wast"
version = "45.0.0"
source = "registry+https://github.com/rust-lang/crates.io-index"
checksum = "186c474c4f9bb92756b566d592a16591b4526b1a4841171caa3f31d7fe330d96"
dependencies = [
 "leb128",
 "memchr",
 "unicode-width",
 "wasm-encoder",
]

[[package]]
name = "wat"
version = "1.0.47"
source = "registry+https://github.com/rust-lang/crates.io-index"
checksum = "c2d4bc4724b4f02a482c8cab053dac5ef26410f264c06ce914958f9a42813556"
dependencies = [
 "wast",
]
